
Microsoft Visual Studio Solution File, Format Version 12.00
# Visual Studio Version 16
VisualStudioVersion = 16.0.29911.84
MinimumVisualStudioVersion = 10.0.40219.1
Project("{FAE04EC0-301F-11D3-BF4B-00C04F79EFBC}") = "ovning4", "ovning4\ovning4.csproj", "{F3E9F542-2E2D-4E87-98AB-3210BEDA667E}"
EndProject
Project("{FAE04EC0-301F-11D3-BF4B-00C04F79EFBC}") = "Iterationstyper", "Iterationstyper\Iterationstyper.csproj", "{DD971686-C1E7-4658-A1AB-F84B8CBB28BE}"
EndProject
Global
	GlobalSection(SolutionConfigurationPlatforms) = preSolution
		Debug|Any CPU = Debug|Any CPU
		Release|Any CPU = Release|Any CPU
	EndGlobalSection
	GlobalSection(ProjectConfigurationPlatforms) = postSolution
		{F3E9F542-2E2D-4E87-98AB-3210BEDA667E}.Debug|Any CPU.ActiveCfg = Debug|Any CPU
		{F3E9F542-2E2D-4E87-98AB-3210BEDA667E}.Debug|Any CPU.Build.0 = Debug|Any CPU
		{F3E9F542-2E2D-4E87-98AB-3210BEDA667E}.Release|Any CPU.ActiveCfg = Release|Any CPU
		{F3E9F542-2E2D-4E87-98AB-3210BEDA667E}.Release|Any CPU.Build.0 = Release|Any CPU
		{DD971686-C1E7-4658-A1AB-F84B8CBB28BE}.Debug|Any CPU.ActiveCfg = Debug|Any CPU
		{DD971686-C1E7-4658-A1AB-F84B8CBB28BE}.Debug|Any CPU.Build.0 = Debug|Any CPU
		{DD971686-C1E7-4658-A1AB-F84B8CBB28BE}.Release|Any CPU.ActiveCfg = Release|Any CPU
		{DD971686-C1E7-4658-A1AB-F84B8CBB28BE}.Release|Any CPU.Build.0 = Release|Any CPU
	EndGlobalSection
	GlobalSection(SolutionProperties) = preSolution
		HideSolutionNode = FALSE
	EndGlobalSection
	GlobalSection(ExtensibilityGlobals) = postSolution
		SolutionGuid = {1E609D23-7F1B-4722-A636-A98D6347643E}
	EndGlobalSection
EndGlobal
